# This file is automatically @generated by Cargo.
# It is not intended for manual editing.
[[package]]
name = "apply-macro"
version = "1.0.7"
source = "registry+https://github.com/rust-lang/crates.io-index"
checksum = "2d82b5a2c68d4278e6df2b1f1101ef63a65362366ab515159ae7531c707060d4"

[[package]]
name = "success"
version = "0.1.0"
dependencies = [
 "apply-macro",
]
